
Microsoft Visual Studio Solution File, Format Version 12.00
# Visual Studio Version 16
VisualStudioVersion = 16.0.28803.202
MinimumVisualStudioVersion = 10.0.40219.1
Project("{FAE04EC0-301F-11D3-BF4B-00C04F79EFBC}") = "Potion", "Food\Potion.csproj", "{B368DF73-4F44-4FDB-966E-09281B874748}"
EndProject
Global
	GlobalSection(SolutionConfigurationPlatforms) = preSolution
		Debug|Any CPU = Debug|Any CPU
		Release|Any CPU = Release|Any CPU
	EndGlobalSection
	GlobalSection(ProjectConfigurationPlatforms) = postSolution
		{B368DF73-4F44-4FDB-966E-09281B874748}.Debug|Any CPU.ActiveCfg = Debug|Any CPU
		{B368DF73-4F44-4FDB-966E-09281B874748}.Debug|Any CPU.Build.0 = Debug|Any CPU
		{B368DF73-4F44-4FDB-966E-09281B874748}.Release|Any CPU.ActiveCfg = Release|Any CPU
		{B368DF73-4F44-4FDB-966E-09281B874748}.Release|Any CPU.Build.0 = Release|Any CPU
	EndGlobalSection
	GlobalSection(SolutionProperties) = preSolution
		HideSolutionNode = FALSE
	EndGlobalSection
	GlobalSection(ExtensibilityGlobals) = postSolution
		SolutionGuid = {BBD80A71-8D22-4C22-9980-E2A9233C9288}
	EndGlobalSection
EndGlobal
